Microsoft Visual Studio Solution File, Format Version 12.00
# Visual Studio 2012
Project("{FAE04EC0-301F-11D3-BF4B-00C04F79EFBC}") = "Animation preview", "Animation preview.csproj", "{166955D4-4112-46E9-A34F-00F20EFD1211}"
EndProject
Global
	GlobalSection(SolutionConfigurationPlatforms) = preSolution
	Debug|Any CPU = Debug|Any CPU
	ExportDebug|Any CPU = ExportDebug|Any CPU
	ExportRelease|Any CPU = ExportRelease|Any CPU
	EndGlobalSection
	GlobalSection(ProjectConfigurationPlatforms) = postSolution
		{166955D4-4112-46E9-A34F-00F20EFD1211}.Debug|Any CPU.ActiveCfg = Debug|Any CPU
		{166955D4-4112-46E9-A34F-00F20EFD1211}.Debug|Any CPU.Build.0 = Debug|Any CPU
		{166955D4-4112-46E9-A34F-00F20EFD1211}.ExportDebug|Any CPU.ActiveCfg = ExportDebug|Any CPU
		{166955D4-4112-46E9-A34F-00F20EFD1211}.ExportDebug|Any CPU.Build.0 = ExportDebug|Any CPU
		{166955D4-4112-46E9-A34F-00F20EFD1211}.ExportRelease|Any CPU.ActiveCfg = ExportRelease|Any CPU
		{166955D4-4112-46E9-A34F-00F20EFD1211}.ExportRelease|Any CPU.Build.0 = ExportRelease|Any CPU
	EndGlobalSection
EndGlobal
